
Microsoft Visual Studio Solution File, Format Version 12.00
# Visual Studio 15
Project("{FAE04EC0-301F-11D3-BF4B-00C04F79EFBC}") = "UnityEngine.UI", "UnityEngine.UI.csproj", "{7245F291-7837-B007-6896-9C1529FA0365}"
EndProject
Project("{FAE04EC0-301F-11D3-BF4B-00C04F79EFBC}") = "Unity.ML-Agents", "Unity.ML-Agents.csproj", "{1FB6D133-0492-4A83-28A9-319045617779}"
EndProject
Project("{FAE04EC0-301F-11D3-BF4B-00C04F79EFBC}") = "Unity.Barracuda", "Unity.Barracuda.csproj", "{D5C66CAF-224C-0F7E-5644-3423D2ECB196}"
EndProject
Project("{FAE04EC0-301F-11D3-BF4B-00C04F79EFBC}") = "UnityEngine.TestRunner", "UnityEngine.TestRunner.csproj", "{630B85B0-100B-3765-3012-F1B48EF325B1}"
EndProject
Project("{FAE04EC0-301F-11D3-BF4B-00C04F79EFBC}") = "Unity.Mathematics", "Unity.Mathematics.csproj", "{F9CD4C63-FC3C-DEE8-2FCB-FFFBB37C356D}"
EndProject
Project("{FAE04EC0-301F-11D3-BF4B-00C04F79EFBC}") = "Unity.Barracuda.ONNX", "Unity.Barracuda.ONNX.csproj", "{D0421D78-C76B-0641-D7AE-C8FC0252D1DA}"
EndProject
Project("{FAE04EC0-301F-11D3-BF4B-00C04F79EFBC}") = "Unity.Timeline", "Unity.Timeline.csproj", "{4F5048AC-CCD4-240F-BFDA-F427BBBD7815}"
EndProject
Project("{FAE04EC0-301F-11D3-BF4B-00C04F79EFBC}") = "Unity.TextMeshPro", "Unity.TextMeshPro.csproj", "{31BA6D65-EFBC-C177-DA49-2EFE026A6781}"
EndProject
Project("{FAE04EC0-301F-11D3-BF4B-00C04F79EFBC}") = "Unity.Burst", "Unity.Burst.csproj", "{7C50D79E-11EC-77FA-4B2D-AED14F9C2D18}"
EndProject
Project("{FAE04EC0-301F-11D3-BF4B-00C04F79EFBC}") = "Assembly-CSharp", "Assembly-CSharp.csproj", "{26D7F23F-3670-3255-0B91-D8009D8F07D2}"
EndProject
Project("{FAE04EC0-301F-11D3-BF4B-00C04F79EFBC}") = "Unity.ML-Agents.CommunicatorObjects", "Unity.ML-Agents.CommunicatorObjects.csproj", "{5AE50059-9F69-53E1-ACB7-A5EC2D3D45DF}"
EndProject
Project("{FAE04EC0-301F-11D3-BF4B-00C04F79EFBC}") = "NavMeshComponents", "NavMeshComponents.csproj", "{D45100BB-32A4-0283-8514-72811DDDBAE9}"
EndProject
Project("{FAE04EC0-301F-11D3-BF4B-00C04F79EFBC}") = "Unity.Barracuda.BurstBLAS", "Unity.Barracuda.BurstBLAS.csproj", "{E0AE87E6-AFCD-8C33-ABB4-0C1A4102FBB6}"
EndProject
Project("{FAE04EC0-301F-11D3-BF4B-00C04F79EFBC}") = "Unity.Barracuda.iOSBLAS", "Unity.Barracuda.iOSBLAS.csproj", "{EFE8B042-9C96-2562-F16B-472933D50FCF}"
EndProject
Project("{FAE04EC0-301F-11D3-BF4B-00C04F79EFBC}") = "Unity.Barracuda.MacBLAS", "Unity.Barracuda.MacBLAS.csproj", "{E2E0D13A-385F-8A47-2D53-9EE49266D98F}"
EndProject
Project("{FAE04EC0-301F-11D3-BF4B-00C04F79EFBC}") = "UnityEditor.TestRunner", "UnityEditor.TestRunner.csproj", "{631C3AE2-795B-D12B-F99D-4BE866567FA2}"
EndProject
Project("{FAE04EC0-301F-11D3-BF4B-00C04F79EFBC}") = "Unity.PlasticSCM.Editor", "Unity.PlasticSCM.Editor.csproj", "{CCDFD3EB-34AC-7192-2853-5FFF1E91D75A}"
EndProject
Project("{FAE04EC0-301F-11D3-BF4B-00C04F79EFBC}") = "UnityEditor.UI", "UnityEditor.UI.csproj", "{E0F0D173-ED05-72D7-CB24-34B4E5FF0D45}"
EndProject
Project("{FAE04EC0-301F-11D3-BF4B-00C04F79EFBC}") = "Unity.Services.Core.Editor", "Unity.Services.Core.Editor.csproj", "{F55AF19E-9780-B8A7-6566-87B1E353589C}"
EndProject
Project("{FAE04EC0-301F-11D3-BF4B-00C04F79EFBC}") = "Unity.Timeline.Editor", "Unity.Timeline.Editor.csproj", "{8919906F-7152-9747-E7B4-A7F6153F7A4F}"
EndProject
Project("{FAE04EC0-301F-11D3-BF4B-00C04F79EFBC}") = "Unity.VisualStudio.Editor", "Unity.VisualStudio.Editor.csproj", "{6FB7510A-8A54-3610-738D-49DEE4F4CBA2}"
EndProject
Project("{FAE04EC0-301F-11D3-BF4B-00C04F79EFBC}") = "Unity.TextMeshPro.Editor", "Unity.TextMeshPro.Editor.csproj", "{42BDC563-3114-6851-AE62-49ED72D411A3}"
EndProject
Project("{FAE04EC0-301F-11D3-BF4B-00C04F79EFBC}") = "Unity.CollabProxy.Editor", "Unity.CollabProxy.Editor.csproj", "{D5906022-526B-407B-DD24-D695B97EEB5A}"
EndProject
Project("{FAE04EC0-301F-11D3-BF4B-00C04F79EFBC}") = "Unity.Rider.Editor", "Unity.Rider.Editor.csproj", "{42EDACF0-5981-A501-ADAA-D2B18829656A}"
EndProject
Project("{FAE04EC0-301F-11D3-BF4B-00C04F79EFBC}") = "NavMeshComponentsEditor", "NavMeshComponentsEditor.csproj", "{2AB5AF72-B3BD-B56E-8D62-7705DC0A0B07}"
EndProject
Project("{FAE04EC0-301F-11D3-BF4B-00C04F79EFBC}") = "Unity.Burst.Editor", "Unity.Burst.Editor.csproj", "{3B4A7DAF-828E-1FB9-2B3F-69E1836C3D5B}"
EndProject
Project("{FAE04EC0-301F-11D3-BF4B-00C04F79EFBC}") = "Unity.VSCode.Editor", "Unity.VSCode.Editor.csproj", "{06D39EEB-626B-8B39-9042-1C6C15339D6C}"
EndProject
Project("{FAE04EC0-301F-11D3-BF4B-00C04F79EFBC}") = "Unity.ML-Agents.Editor", "Unity.ML-Agents.Editor.csproj", "{E6E0E57D-F026-29D7-78D3-A58C06AF95F4}"
EndProject
Project("{FAE04EC0-301F-11D3-BF4B-00C04F79EFBC}") = "Unity.Mathematics.Editor", "Unity.Mathematics.Editor.csproj", "{06068674-8C18-549B-A9A3-73907E97691A}"
EndProject
Project("{FAE04EC0-301F-11D3-BF4B-00C04F79EFBC}") = "Unity.Barracuda.Editor", "Unity.Barracuda.Editor.csproj", "{681FC6AE-943A-A703-3B95-9316DF942677}"
EndProject
Project("{FAE04EC0-301F-11D3-BF4B-00C04F79EFBC}") = "UnityEngine.UI", "UnityEngine.UI.Player.csproj", "{F1E84E7C-0B5E-29E0-2A3F-4320BF02D90A}"
EndProject
Project("{FAE04EC0-301F-11D3-BF4B-00C04F79EFBC}") = "Unity.ML-Agents", "Unity.ML-Agents.Player.csproj", "{E47D4981-DC66-EC01-CDEC-1B6C11BD1C3E}"
EndProject
Project("{FAE04EC0-301F-11D3-BF4B-00C04F79EFBC}") = "Unity.Barracuda", "Unity.Barracuda.Player.csproj", "{728C3CB6-92A4-9E1B-E118-21DED6790316}"
EndProject
Project("{FAE04EC0-301F-11D3-BF4B-00C04F79EFBC}") = "UnityEngine.TestRunner", "UnityEngine.TestRunner.Player.csproj", "{4887DED3-448D-49A3-6533-1FF441B399AA}"
EndProject
Project("{FAE04EC0-301F-11D3-BF4B-00C04F79EFBC}") = "Unity.Mathematics", "Unity.Mathematics.Player.csproj", "{52993C07-F12B-6496-CBBE-2B537A90AA1A}"
EndProject
Project("{FAE04EC0-301F-11D3-BF4B-00C04F79EFBC}") = "Unity.Barracuda.ONNX", "Unity.Barracuda.ONNX.Player.csproj", "{918A493A-27BC-AD7F-058C-FAD76212F7DA}"
EndProject
Project("{FAE04EC0-301F-11D3-BF4B-00C04F79EFBC}") = "Unity.Timeline", "Unity.Timeline.Player.csproj", "{1B2058C3-EC4B-6A6E-7156-EF270EF09AB8}"
EndProject
Project("{FAE04EC0-301F-11D3-BF4B-00C04F79EFBC}") = "Unity.TextMeshPro", "Unity.TextMeshPro.Player.csproj", "{A0FEEF08-4947-FABF-EDE3-3521854B3CFC}"
EndProject
Project("{FAE04EC0-301F-11D3-BF4B-00C04F79EFBC}") = "Unity.Burst", "Unity.Burst.Player.csproj", "{BC50E8F2-E56E-8F38-D9F4-9DB988D9D5BB}"
EndProject
Project("{FAE04EC0-301F-11D3-BF4B-00C04F79EFBC}") = "Assembly-CSharp", "Assembly-CSharp.Player.csproj", "{61511DDB-BDF9-E862-3D94-38C245111DDC}"
EndProject
Project("{FAE04EC0-301F-11D3-BF4B-00C04F79EFBC}") = "Unity.ML-Agents.CommunicatorObjects", "Unity.ML-Agents.CommunicatorObjects.Player.csproj", "{E5D7284B-78D6-DE53-1E87-D56E974A4346}"
EndProject
Project("{FAE04EC0-301F-11D3-BF4B-00C04F79EFBC}") = "NavMeshComponents", "NavMeshComponents.Player.csproj", "{B78A4553-A4FF-867D-3AB4-FC1F2A4EDD8D}"
EndProject
Project("{FAE04EC0-301F-11D3-BF4B-00C04F79EFBC}") = "Unity.Barracuda.BurstBLAS", "Unity.Barracuda.BurstBLAS.Player.csproj", "{2B86F5F0-7EEA-B65D-7AAD-5AAA421DF835}"
EndProject
Global
	GlobalSection(SolutionConfigurationPlatforms) = preSolution
		Debug|Any CPU = Debug|Any CPU
		Release|Any CPU = Release|Any CPU
	EndGlobalSection
	GlobalSection(ProjectConfigurationPlatforms) = postSolution
		{7245F291-7837-B007-6896-9C1529FA0365}.Debug|Any CPU.ActiveCfg = Debug|Any CPU
		{7245F291-7837-B007-6896-9C1529FA0365}.Debug|Any CPU.Build.0 = Debug|Any CPU
		{7245F291-7837-B007-6896-9C1529FA0365}.Release|Any CPU.ActiveCfg = Release|Any CPU
		{7245F291-7837-B007-6896-9C1529FA0365}.Release|Any CPU.Build.0 = Release|Any CPU
		{1FB6D133-0492-4A83-28A9-319045617779}.Debug|Any CPU.ActiveCfg = Debug|Any CPU
		{1FB6D133-0492-4A83-28A9-319045617779}.Debug|Any CPU.Build.0 = Debug|Any CPU
		{1FB6D133-0492-4A83-28A9-319045617779}.Release|Any CPU.ActiveCfg = Release|Any CPU
		{1FB6D133-0492-4A83-28A9-319045617779}.Release|Any CPU.Build.0 = Release|Any CPU
		{D5C66CAF-224C-0F7E-5644-3423D2ECB196}.Debug|Any CPU.ActiveCfg = Debug|Any CPU
		{D5C66CAF-224C-0F7E-5644-3423D2ECB196}.Debug|Any CPU.Build.0 = Debug|Any CPU
		{D5C66CAF-224C-0F7E-5644-3423D2ECB196}.Release|Any CPU.ActiveCfg = Release|Any CPU
		{D5C66CAF-224C-0F7E-5644-3423D2ECB196}.Release|Any CPU.Build.0 = Release|Any CPU
		{630B85B0-100B-3765-3012-F1B48EF325B1}.Debug|Any CPU.ActiveCfg = Debug|Any CPU
		{630B85B0-100B-3765-3012-F1B48EF325B1}.Debug|Any CPU.Build.0 = Debug|Any CPU
		{630B85B0-100B-3765-3012-F1B48EF325B1}.Release|Any CPU.ActiveCfg = Release|Any CPU
		{630B85B0-100B-3765-3012-F1B48EF325B1}.Release|Any CPU.Build.0 = Release|Any CPU
		{F9CD4C63-FC3C-DEE8-2FCB-FFFBB37C356D}.Debug|Any CPU.ActiveCfg = Debug|Any CPU
		{F9CD4C63-FC3C-DEE8-2FCB-FFFBB37C356D}.Debug|Any CPU.Build.0 = Debug|Any CPU
		{F9CD4C63-FC3C-DEE8-2FCB-FFFBB37C356D}.Release|Any CPU.ActiveCfg = Release|Any CPU
		{F9CD4C63-FC3C-DEE8-2FCB-FFFBB37C356D}.Release|Any CPU.Build.0 = Release|Any CPU
		{D0421D78-C76B-0641-D7AE-C8FC0252D1DA}.Debug|Any CPU.ActiveCfg = Debug|Any CPU
		{D0421D78-C76B-0641-D7AE-C8FC0252D1DA}.Debug|Any CPU.Build.0 = Debug|Any CPU
		{D0421D78-C76B-0641-D7AE-C8FC0252D1DA}.Release|Any CPU.ActiveCfg = Release|Any CPU
		{D0421D78-C76B-0641-D7AE-C8FC0252D1DA}.Release|Any CPU.Build.0 = Release|Any CPU
		{4F5048AC-CCD4-240F-BFDA-F427BBBD7815}.Debug|Any CPU.ActiveCfg = Debug|Any CPU
		{4F5048AC-CCD4-240F-BFDA-F427BBBD7815}.Debug|Any CPU.Build.0 = Debug|Any CPU
		{4F5048AC-CCD4-240F-BFDA-F427BBBD7815}.Release|Any CPU.ActiveCfg = Release|Any CPU
		{4F5048AC-CCD4-240F-BFDA-F427BBBD7815}.Release|Any CPU.Build.0 = Release|Any CPU
		{31BA6D65-EFBC-C177-DA49-2EFE026A6781}.Debug|Any CPU.ActiveCfg = Debug|Any CPU
		{31BA6D65-EFBC-C177-DA49-2EFE026A6781}.Debug|Any CPU.Build.0 = Debug|Any CPU
		{31BA6D65-EFBC-C177-DA49-2EFE026A6781}.Release|Any CPU.ActiveCfg = Release|Any CPU
		{31BA6D65-EFBC-C177-DA49-2EFE026A6781}.Release|Any CPU.Build.0 = Release|Any CPU
		{7C50D79E-11EC-77FA-4B2D-AED14F9C2D18}.Debug|Any CPU.ActiveCfg = Debug|Any CPU
		{7C50D79E-11EC-77FA-4B2D-AED14F9C2D18}.Debug|Any CPU.Build.0 = Debug|Any CPU
		{7C50D79E-11EC-77FA-4B2D-AED14F9C2D18}.Release|Any CPU.ActiveCfg = Release|Any CPU
		{7C50D79E-11EC-77FA-4B2D-AED14F9C2D18}.Release|Any CPU.Build.0 = Release|Any CPU
		{26D7F23F-3670-3255-0B91-D8009D8F07D2}.Debug|Any CPU.ActiveCfg = Debug|Any CPU
		{26D7F23F-3670-3255-0B91-D8009D8F07D2}.Debug|Any CPU.Build.0 = Debug|Any CPU
		{26D7F23F-3670-3255-0B91-D8009D8F07D2}.Release|Any CPU.ActiveCfg = Release|Any CPU
		{26D7F23F-3670-3255-0B91-D8009D8F07D2}.Release|Any CPU.Build.0 = Release|Any CPU
		{5AE50059-9F69-53E1-ACB7-A5EC2D3D45DF}.Debug|Any CPU.ActiveCfg = Debug|Any CPU
		{5AE50059-9F69-53E1-ACB7-A5EC2D3D45DF}.Debug|Any CPU.Build.0 = Debug|Any CPU
		{5AE50059-9F69-53E1-ACB7-A5EC2D3D45DF}.Release|Any CPU.ActiveCfg = Release|Any CPU
		{5AE50059-9F69-53E1-ACB7-A5EC2D3D45DF}.Release|Any CPU.Build.0 = Release|Any CPU
		{D45100BB-32A4-0283-8514-72811DDDBAE9}.Debug|Any CPU.ActiveCfg = Debug|Any CPU
		{D45100BB-32A4-0283-8514-72811DDDBAE9}.Debug|Any CPU.Build.0 = Debug|Any CPU
		{D45100BB-32A4-0283-8514-72811DDDBAE9}.Release|Any CPU.ActiveCfg = Release|Any CPU
		{D45100BB-32A4-0283-8514-72811DDDBAE9}.Release|Any CPU.Build.0 = Release|Any CPU
		{E0AE87E6-AFCD-8C33-ABB4-0C1A4102FBB6}.Debug|Any CPU.ActiveCfg = Debug|Any CPU
		{E0AE87E6-AFCD-8C33-ABB4-0C1A4102FBB6}.Debug|Any CPU.Build.0 = Debug|Any CPU
		{E0AE87E6-AFCD-8C33-ABB4-0C1A4102FBB6}.Release|Any CPU.ActiveCfg = Release|Any CPU
		{E0AE87E6-AFCD-8C33-ABB4-0C1A4102FBB6}.Release|Any CPU.Build.0 = Release|Any CPU
		{EFE8B042-9C96-2562-F16B-472933D50FCF}.Debug|Any CPU.ActiveCfg = Debug|Any CPU
		{EFE8B042-9C96-2562-F16B-472933D50FCF}.Debug|Any CPU.Build.0 = Debug|Any CPU
		{EFE8B042-9C96-2562-F16B-472933D50FCF}.Release|Any CPU.ActiveCfg = Release|Any CPU
		{EFE8B042-9C96-2562-F16B-472933D50FCF}.Release|Any CPU.Build.0 = Release|Any CPU
		{E2E0D13A-385F-8A47-2D53-9EE49266D98F}.Debug|Any CPU.ActiveCfg = Debug|Any CPU
		{E2E0D13A-385F-8A47-2D53-9EE49266D98F}.Debug|Any CPU.Build.0 = Debug|Any CPU
		{E2E0D13A-385F-8A47-2D53-9EE49266D98F}.Release|Any CPU.ActiveCfg = Release|Any CPU
		{E2E0D13A-385F-8A47-2D53-9EE49266D98F}.Release|Any CPU.Build.0 = Release|Any CPU
		{631C3AE2-795B-D12B-F99D-4BE866567FA2}.Debug|Any CPU.ActiveCfg = Debug|Any CPU
		{631C3AE2-795B-D12B-F99D-4BE866567FA2}.Debug|Any CPU.Build.0 = Debug|Any CPU
		{631C3AE2-795B-D12B-F99D-4BE866567FA2}.Release|Any CPU.ActiveCfg = Release|Any CPU
		{631C3AE2-795B-D12B-F99D-4BE866567FA2}.Release|Any CPU.Build.0 = Release|Any CPU
		{CCDFD3EB-34AC-7192-2853-5FFF1E91D75A}.Debug|Any CPU.ActiveCfg = Debug|Any CPU
		{CCDFD3EB-34AC-7192-2853-5FFF1E91D75A}.Debug|Any CPU.Build.0 = Debug|Any CPU
		{CCDFD3EB-34AC-7192-2853-5FFF1E91D75A}.Release|Any CPU.ActiveCfg = Release|Any CPU
		{CCDFD3EB-34AC-7192-2853-5FFF1E91D75A}.Release|Any CPU.Build.0 = Release|Any CPU
		{E0F0D173-ED05-72D7-CB24-34B4E5FF0D45}.Debug|Any CPU.ActiveCfg = Debug|Any CPU
		{E0F0D173-ED05-72D7-CB24-34B4E5FF0D45}.Debug|Any CPU.Build.0 = Debug|Any CPU
		{E0F0D173-ED05-72D7-CB24-34B4E5FF0D45}.Release|Any CPU.ActiveCfg = Release|Any CPU
		{E0F0D173-ED05-72D7-CB24-34B4E5FF0D45}.Release|Any CPU.Build.0 = Release|Any CPU
		{F55AF19E-9780-B8A7-6566-87B1E353589C}.Debug|Any CPU.ActiveCfg = Debug|Any CPU
		{F55AF19E-9780-B8A7-6566-87B1E353589C}.Debug|Any CPU.Build.0 = Debug|Any CPU
		{F55AF19E-9780-B8A7-6566-87B1E353589C}.Release|Any CPU.ActiveCfg = Release|Any CPU
		{F55AF19E-9780-B8A7-6566-87B1E353589C}.Release|Any CPU.Build.0 = Release|Any CPU
		{8919906F-7152-9747-E7B4-A7F6153F7A4F}.Debug|Any CPU.ActiveCfg = Debug|Any CPU
		{8919906F-7152-9747-E7B4-A7F6153F7A4F}.Debug|Any CPU.Build.0 = Debug|Any CPU
		{8919906F-7152-9747-E7B4-A7F6153F7A4F}.Release|Any CPU.ActiveCfg = Release|Any CPU
		{8919906F-7152-9747-E7B4-A7F6153F7A4F}.Release|Any CPU.Build.0 = Release|Any CPU
		{6FB7510A-8A54-3610-738D-49DEE4F4CBA2}.Debug|Any CPU.ActiveCfg = Debug|Any CPU
		{6FB7510A-8A54-3610-738D-49DEE4F4CBA2}.Debug|Any CPU.Build.0 = Debug|Any CPU
		{6FB7510A-8A54-3610-738D-49DEE4F4CBA2}.Release|Any CPU.ActiveCfg = Release|Any CPU
		{6FB7510A-8A54-3610-738D-49DEE4F4CBA2}.Release|Any CPU.Build.0 = Release|Any CPU
		{42BDC563-3114-6851-AE62-49ED72D411A3}.Debug|Any CPU.ActiveCfg = Debug|Any CPU
		{42BDC563-3114-6851-AE62-49ED72D411A3}.Debug|Any CPU.Build.0 = Debug|Any CPU
		{42BDC563-3114-6851-AE62-49ED72D411A3}.Release|Any CPU.ActiveCfg = Release|Any CPU
		{42BDC563-3114-6851-AE62-49ED72D411A3}.Release|Any CPU.Build.0 = Release|Any CPU
		{D5906022-526B-407B-DD24-D695B97EEB5A}.Debug|Any CPU.ActiveCfg = Debug|Any CPU
		{D5906022-526B-407B-DD24-D695B97EEB5A}.Debug|Any CPU.Build.0 = Debug|Any CPU
		{D5906022-526B-407B-DD24-D695B97EEB5A}.Release|Any CPU.ActiveCfg = Release|Any CPU
		{D5906022-526B-407B-DD24-D695B97EEB5A}.Release|Any CPU.Build.0 = Release|Any CPU
		{42EDACF0-5981-A501-ADAA-D2B18829656A}.Debug|Any CPU.ActiveCfg = Debug|Any CPU
		{42EDACF0-5981-A501-ADAA-D2B18829656A}.Debug|Any CPU.Build.0 = Debug|Any CPU
		{42EDACF0-5981-A501-ADAA-D2B18829656A}.Release|Any CPU.ActiveCfg = Release|Any CPU
		{42EDACF0-5981-A501-ADAA-D2B18829656A}.Release|Any CPU.Build.0 = Release|Any CPU
		{2AB5AF72-B3BD-B56E-8D62-7705DC0A0B07}.Debug|Any CPU.ActiveCfg = Debug|Any CPU
		{2AB5AF72-B3BD-B56E-8D62-7705DC0A0B07}.Debug|Any CPU.Build.0 = Debug|Any CPU
		{2AB5AF72-B3BD-B56E-8D62-7705DC0A0B07}.Release|Any CPU.ActiveCfg = Release|Any CPU
		{2AB5AF72-B3BD-B56E-8D62-7705DC0A0B07}.Release|Any CPU.Build.0 = Release|Any CPU
		{3B4A7DAF-828E-1FB9-2B3F-69E1836C3D5B}.Debug|Any CPU.ActiveCfg = Debug|Any CPU
		{3B4A7DAF-828E-1FB9-2B3F-69E1836C3D5B}.Debug|Any CPU.Build.0 = Debug|Any CPU
		{3B4A7DAF-828E-1FB9-2B3F-69E1836C3D5B}.Release|Any CPU.ActiveCfg = Release|Any CPU
		{3B4A7DAF-828E-1FB9-2B3F-69E1836C3D5B}.Release|Any CPU.Build.0 = Release|Any CPU
		{06D39EEB-626B-8B39-9042-1C6C15339D6C}.Debug|Any CPU.ActiveCfg = Debug|Any CPU
		{06D39EEB-626B-8B39-9042-1C6C15339D6C}.Debug|Any CPU.Build.0 = Debug|Any CPU
		{06D39EEB-626B-8B39-9042-1C6C15339D6C}.Release|Any CPU.ActiveCfg = Release|Any CPU
		{06D39EEB-626B-8B39-9042-1C6C15339D6C}.Release|Any CPU.Build.0 = Release|Any CPU
		{E6E0E57D-F026-29D7-78D3-A58C06AF95F4}.Debug|Any CPU.ActiveCfg = Debug|Any CPU
		{E6E0E57D-F026-29D7-78D3-A58C06AF95F4}.Debug|Any CPU.Build.0 = Debug|Any CPU
		{E6E0E57D-F026-29D7-78D3-A58C06AF95F4}.Release|Any CPU.ActiveCfg = Release|Any CPU
		{E6E0E57D-F026-29D7-78D3-A58C06AF95F4}.Release|Any CPU.Build.0 = Release|Any CPU
		{06068674-8C18-549B-A9A3-73907E97691A}.Debug|Any CPU.ActiveCfg = Debug|Any CPU
		{06068674-8C18-549B-A9A3-73907E97691A}.Debug|Any CPU.Build.0 = Debug|Any CPU
		{06068674-8C18-549B-A9A3-73907E97691A}.Release|Any CPU.ActiveCfg = Release|Any CPU
		{06068674-8C18-549B-A9A3-73907E97691A}.Release|Any CPU.Build.0 = Release|Any CPU
		{681FC6AE-943A-A703-3B95-9316DF942677}.Debug|Any CPU.ActiveCfg = Debug|Any CPU
		{681FC6AE-943A-A703-3B95-9316DF942677}.Debug|Any CPU.Build.0 = Debug|Any CPU
		{681FC6AE-943A-A703-3B95-9316DF942677}.Release|Any CPU.ActiveCfg = Release|Any CPU
		{681FC6AE-943A-A703-3B95-9316DF942677}.Release|Any CPU.Build.0 = Release|Any CPU
		{F1E84E7C-0B5E-29E0-2A3F-4320BF02D90A}.Debug|Any CPU.ActiveCfg = Debug|Any CPU
		{F1E84E7C-0B5E-29E0-2A3F-4320BF02D90A}.Debug|Any CPU.Build.0 = Debug|Any CPU
		{F1E84E7C-0B5E-29E0-2A3F-4320BF02D90A}.Release|Any CPU.ActiveCfg = Release|Any CPU
		{F1E84E7C-0B5E-29E0-2A3F-4320BF02D90A}.Release|Any CPU.Build.0 = Release|Any CPU
		{E47D4981-DC66-EC01-CDEC-1B6C11BD1C3E}.Debug|Any CPU.ActiveCfg = Debug|Any CPU
		{E47D4981-DC66-EC01-CDEC-1B6C11BD1C3E}.Debug|Any CPU.Build.0 = Debug|Any CPU
		{E47D4981-DC66-EC01-CDEC-1B6C11BD1C3E}.Release|Any CPU.ActiveCfg = Release|Any CPU
		{E47D4981-DC66-EC01-CDEC-1B6C11BD1C3E}.Release|Any CPU.Build.0 = Release|Any CPU
		{728C3CB6-92A4-9E1B-E118-21DED6790316}.Debug|Any CPU.ActiveCfg = Debug|Any CPU
		{728C3CB6-92A4-9E1B-E118-21DED6790316}.Debug|Any CPU.Build.0 = Debug|Any CPU
		{728C3CB6-92A4-9E1B-E118-21DED6790316}.Release|Any CPU.ActiveCfg = Release|Any CPU
		{728C3CB6-92A4-9E1B-E118-21DED6790316}.Release|Any CPU.Build.0 = Release|Any CPU
		{4887DED3-448D-49A3-6533-1FF441B399AA}.Debug|Any CPU.ActiveCfg = Debug|Any CPU
		{4887DED3-448D-49A3-6533-1FF441B399AA}.Debug|Any CPU.Build.0 = Debug|Any CPU
		{4887DED3-448D-49A3-6533-1FF441B399AA}.Release|Any CPU.ActiveCfg = Release|Any CPU
		{4887DED3-448D-49A3-6533-1FF441B399AA}.Release|Any CPU.Build.0 = Release|Any CPU
		{52993C07-F12B-6496-CBBE-2B537A90AA1A}.Debug|Any CPU.ActiveCfg = Debug|Any CPU
		{52993C07-F12B-6496-CBBE-2B537A90AA1A}.Debug|Any CPU.Build.0 = Debug|Any CPU
		{52993C07-F12B-6496-CBBE-2B537A90AA1A}.Release|Any CPU.ActiveCfg = Release|Any CPU
		{52993C07-F12B-6496-CBBE-2B537A90AA1A}.Release|Any CPU.Build.0 = Release|Any CPU
		{918A493A-27BC-AD7F-058C-FAD76212F7DA}.Debug|Any CPU.ActiveCfg = Debug|Any CPU
		{918A493A-27BC-AD7F-058C-FAD76212F7DA}.Debug|Any CPU.Build.0 = Debug|Any CPU
		{918A493A-27BC-AD7F-058C-FAD76212F7DA}.Release|Any CPU.ActiveCfg = Release|Any CPU
		{918A493A-27BC-AD7F-058C-FAD76212F7DA}.Release|Any CPU.Build.0 = Release|Any CPU
		{1B2058C3-EC4B-6A6E-7156-EF270EF09AB8}.Debug|Any CPU.ActiveCfg = Debug|Any CPU
		{1B2058C3-EC4B-6A6E-7156-EF270EF09AB8}.Debug|Any CPU.Build.0 = Debug|Any CPU
		{1B2058C3-EC4B-6A6E-7156-EF270EF09AB8}.Release|Any CPU.ActiveCfg = Release|Any CPU
		{1B2058C3-EC4B-6A6E-7156-EF270EF09AB8}.Release|Any CPU.Build.0 = Release|Any CPU
		{A0FEEF08-4947-FABF-EDE3-3521854B3CFC}.Debug|Any CPU.ActiveCfg = Debug|Any CPU
		{A0FEEF08-4947-FABF-EDE3-3521854B3CFC}.Debug|Any CPU.Build.0 = Debug|Any CPU
		{A0FEEF08-4947-FABF-EDE3-3521854B3CFC}.Release|Any CPU.ActiveCfg = Release|Any CPU
		{A0FEEF08-4947-FABF-EDE3-3521854B3CFC}.Release|Any CPU.Build.0 = Release|Any CPU
		{BC50E8F2-E56E-8F38-D9F4-9DB988D9D5BB}.Debug|Any CPU.ActiveCfg = Debug|Any CPU
		{BC50E8F2-E56E-8F38-D9F4-9DB988D9D5BB}.Debug|Any CPU.Build.0 = Debug|Any CPU
		{BC50E8F2-E56E-8F38-D9F4-9DB988D9D5BB}.Release|Any CPU.ActiveCfg = Release|Any CPU
		{BC50E8F2-E56E-8F38-D9F4-9DB988D9D5BB}.Release|Any CPU.Build.0 = Release|Any CPU
		{61511DDB-BDF9-E862-3D94-38C245111DDC}.Debug|Any CPU.ActiveCfg = Debug|Any CPU
		{61511DDB-BDF9-E862-3D94-38C245111DDC}.Debug|Any CPU.Build.0 = Debug|Any CPU
		{61511DDB-BDF9-E862-3D94-38C245111DDC}.Release|Any CPU.ActiveCfg = Release|Any CPU
		{61511DDB-BDF9-E862-3D94-38C245111DDC}.Release|Any CPU.Build.0 = Release|Any CPU
		{E5D7284B-78D6-DE53-1E87-D56E974A4346}.Debug|Any CPU.ActiveCfg = Debug|Any CPU
		{E5D7284B-78D6-DE53-1E87-D56E974A4346}.Debug|Any CPU.Build.0 = Debug|Any CPU
		{E5D7284B-78D6-DE53-1E87-D56E974A4346}.Release|Any CPU.ActiveCfg = Release|Any CPU
		{E5D7284B-78D6-DE53-1E87-D56E974A4346}.Release|Any CPU.Build.0 = Release|Any CPU
		{B78A4553-A4FF-867D-3AB4-FC1F2A4EDD8D}.Debug|Any CPU.ActiveCfg = Debug|Any CPU
		{B78A4553-A4FF-867D-3AB4-FC1F2A4EDD8D}.Debug|Any CPU.Build.0 = Debug|Any CPU
		{B78A4553-A4FF-867D-3AB4-FC1F2A4EDD8D}.Release|Any CPU.ActiveCfg = Release|Any CPU
		{B78A4553-A4FF-867D-3AB4-FC1F2A4EDD8D}.Release|Any CPU.Build.0 = Release|Any CPU
		{2B86F5F0-7EEA-B65D-7AAD-5AAA421DF835}.Debug|Any CPU.ActiveCfg = Debug|Any CPU
		{2B86F5F0-7EEA-B65D-7AAD-5AAA421DF835}.Debug|Any CPU.Build.0 = Debug|Any CPU
		{2B86F5F0-7EEA-B65D-7AAD-5AAA421DF835}.Release|Any CPU.ActiveCfg = Release|Any CPU
		{2B86F5F0-7EEA-B65D-7AAD-5AAA421DF835}.Release|Any CPU.Build.0 = Release|Any CPU
	EndGlobalSection
	GlobalSection(SolutionProperties) = preSolution
		HideSolutionNode = FALSE
	EndGlobalSection
EndGlobal
